
Microsoft Visual Studio Solution File, Format Version 12.00
# Visual Studio Version 16
VisualStudioVersion = 16.0.31410.357
MinimumVisualStudioVersion = 10.0.40219.1
Project("{FAE04EC0-301F-11D3-BF4B-00C04F79EFBC}") = "Bilbixen_API", "Bilbixen_API\Bilbixen_API.csproj", "{32CE95CD-6C49-4C54-9F8E-796C26F0BBAB}"
EndProject
Global
	GlobalSection(SolutionConfigurationPlatforms) = preSolution
		Debug|Any CPU = Debug|Any CPU
		Release|Any CPU = Release|Any CPU
	EndGlobalSection
	GlobalSection(ProjectConfigurationPlatforms) = postSolution
		{32CE95CD-6C49-4C54-9F8E-796C26F0BBAB}.Debug|Any CPU.ActiveCfg = Debug|Any CPU
		{32CE95CD-6C49-4C54-9F8E-796C26F0BBAB}.Debug|Any CPU.Build.0 = Debug|Any CPU
		{32CE95CD-6C49-4C54-9F8E-796C26F0BBAB}.Release|Any CPU.ActiveCfg = Release|Any CPU
		{32CE95CD-6C49-4C54-9F8E-796C26F0BBAB}.Release|Any CPU.Build.0 = Release|Any CPU
	EndGlobalSection
	GlobalSection(SolutionProperties) = preSolution
		HideSolutionNode = FALSE
	EndGlobalSection
	GlobalSection(ExtensibilityGlobals) = postSolution
		SolutionGuid = {FA2DFDB7-E7D4-44CC-9A30-4057C0A6F15B}
	EndGlobalSection
EndGlobal
